
Microsoft Visual Studio Solution File, Format Version 12.00
# Visual Studio Version 17
VisualStudioVersion = 17.8.34309.116
MinimumVisualStudioVersion = 10.0.40219.1
Project("{9A19103F-16F7-4668-BE54-9A1E7A4F7556}") = "FirstConsoleApp", "FirstConsoleApp\FirstConsoleApp.csproj", "{202BD8F8-73CF-4A1A-8A74-63A4AACCA720}"
EndProject
Project("{9A19103F-16F7-4668-BE54-9A1E7A4F7556}") = "Homeworks", "HomeworksIncludeFunctions\Homeworks.csproj", "{A02076F8-2840-449C-A3ED-DE0FC352D969}"
EndProject
Project("{9A19103F-16F7-4668-BE54-9A1E7A4F7556}") = "SecondConsoleApp", "SecondConsoleApp\SecondConsoleApp.csproj", "{769AC5FA-E3D3-4430-A491-C89585EE6AC7}"
EndProject
Project("{9A19103F-16F7-4668-BE54-9A1E7A4F7556}") = "MyAlgorithm.Tests", "MyAlgorithm.Tests\MyAlgorithm.Tests.csproj", "{E328A70F-CA3E-426D-ADFC-085194C206FB}"
EndProject
Project("{9A19103F-16F7-4668-BE54-9A1E7A4F7556}") = "BankApplication", "BankApplication\BankApplication.csproj", "{DF0DB6B0-D8F5-4E42-8EFE-9B9926640C6A}"
EndProject
Project("{9A19103F-16F7-4668-BE54-9A1E7A4F7556}") = "Async", "Async\Async.csproj", "{9564A1CB-1FEB-4070-A9E0-8E3E98F488E8}"
EndProject
Project("{2150E333-8FDC-42A3-9474-1A3956D46DE8}") = "HotelProject", "HotelProject", "{6591AF19-9020-4A66-8917-037D9FA8ABCF}"
EndProject
Project("{9A19103F-16F7-4668-BE54-9A1E7A4F7556}") = "HotelProject.Models", "HotelProject.Models\HotelProject.Models.csproj", "{97E81C8B-5249-4630-8748-526343AD4B29}"
EndProject
Project("{9A19103F-16F7-4668-BE54-9A1E7A4F7556}") = "HotelProject.Repository", "HotelProject.Repository\HotelProject.Repository.csproj", "{B38FF7E6-D109-4148-ACDF-F7CAF725A996}"
EndProject
Project("{9A19103F-16F7-4668-BE54-9A1E7A4F7556}") = "HotelProject.Data", "HotelProject.Data\HotelProject.Data.csproj", "{BC2031E8-EDB2-4850-A88B-A9B60BED5E96}"
EndProject
Project("{9A19103F-16F7-4668-BE54-9A1E7A4F7556}") = "HotelProject.Web", "HotelProject.Web\HotelProject.Web.csproj", "{F9F653A4-A197-42DD-A09E-6840102041DB}"
EndProject
Project("{9A19103F-16F7-4668-BE54-9A1E7A4F7556}") = "HotelProject.API", "HotelProject.API\HotelProject.API.csproj", "{128DC007-69DD-468C-B386-F74056FF287C}"
EndProject
Project("{2150E333-8FDC-42A3-9474-1A3956D46DE8}") = "TodoProject", "TodoProject", "{559A2B6A-6009-4E76-915D-D24527F5052C}"
EndProject
Project("{FAE04EC0-301F-11D3-BF4B-00C04F79EFBC}") = "Todo.Entities", "Todo.Entities\Todo.Entities.csproj", "{0FF4B5C1-115B-443C-AC94-D0C5F5858902}"
EndProject
Project("{2150E333-8FDC-42A3-9474-1A3956D46DE8}") = "Domain", "Domain", "{F6A7E94E-DEBB-4CA0-BE91-89EE0C0A387A}"
EndProject
Project("{2150E333-8FDC-42A3-9474-1A3956D46DE8}") = "Infrastucture", "Infrastucture", "{FE58D03F-4B29-49AD-BF15-5A9A1F38C1C3}"
EndProject
Project("{2150E333-8FDC-42A3-9474-1A3956D46DE8}") = "Presistence", "Presistence", "{C5AE8540-DE89-4523-B95B-B57FC254F9E5}"
EndProject
Project("{FAE04EC0-301F-11D3-BF4B-00C04F79EFBC}") = "Todo.Data", "Todo.Data\Todo.Data.csproj", "{168F9E01-BF0E-4519-B6C3-4924DBAF4848}"
EndProject
Project("{FAE04EC0-301F-11D3-BF4B-00C04F79EFBC}") = "Todo.Repositories", "Todo.Repositories\Todo.Repositories.csproj", "{6BC27485-78A4-4983-9176-C43BF51586B5}"
EndProject
Project("{2150E333-8FDC-42A3-9474-1A3956D46DE8}") = "Presentation", "Presentation", "{A4726BE9-C951-4315-B2EC-8DE65FF78136}"
EndProject
Project("{FAE04EC0-301F-11D3-BF4B-00C04F79EFBC}") = "Todo.API", "Todo.API\Todo.API.csproj", "{A0365ECD-A73B-46BE-A2D6-AFE9DE93ABE8}"
EndProject
Project("{2150E333-8FDC-42A3-9474-1A3956D46DE8}") = "Application", "Application", "{D36311D9-51C2-4042-8C46-99EF0A2C4E71}"
EndProject
Project("{FAE04EC0-301F-11D3-BF4B-00C04F79EFBC}") = "Todo.Contracts", "Todo.Contracts\Todo.Contracts.csproj", "{45515CF3-2C4C-454B-85B6-351EC876A4A5}"
EndProject
Global
	GlobalSection(SolutionConfigurationPlatforms) = preSolution
		Debug|Any CPU = Debug|Any CPU
		Release|Any CPU = Release|Any CPU
	EndGlobalSection
	GlobalSection(ProjectConfigurationPlatforms) = postSolution
		{202BD8F8-73CF-4A1A-8A74-63A4AACCA720}.Debug|Any CPU.ActiveCfg = Debug|Any CPU
		{202BD8F8-73CF-4A1A-8A74-63A4AACCA720}.Debug|Any CPU.Build.0 = Debug|Any CPU
		{202BD8F8-73CF-4A1A-8A74-63A4AACCA720}.Release|Any CPU.ActiveCfg = Release|Any CPU
		{202BD8F8-73CF-4A1A-8A74-63A4AACCA720}.Release|Any CPU.Build.0 = Release|Any CPU
		{A02076F8-2840-449C-A3ED-DE0FC352D969}.Debug|Any CPU.ActiveCfg = Debug|Any CPU
		{A02076F8-2840-449C-A3ED-DE0FC352D969}.Debug|Any CPU.Build.0 = Debug|Any CPU
		{A02076F8-2840-449C-A3ED-DE0FC352D969}.Release|Any CPU.ActiveCfg = Release|Any CPU
		{A02076F8-2840-449C-A3ED-DE0FC352D969}.Release|Any CPU.Build.0 = Release|Any CPU
		{769AC5FA-E3D3-4430-A491-C89585EE6AC7}.Debug|Any CPU.ActiveCfg = Debug|Any CPU
		{769AC5FA-E3D3-4430-A491-C89585EE6AC7}.Debug|Any CPU.Build.0 = Debug|Any CPU
		{769AC5FA-E3D3-4430-A491-C89585EE6AC7}.Release|Any CPU.ActiveCfg = Release|Any CPU
		{769AC5FA-E3D3-4430-A491-C89585EE6AC7}.Release|Any CPU.Build.0 = Release|Any CPU
		{E328A70F-CA3E-426D-ADFC-085194C206FB}.Debug|Any CPU.ActiveCfg = Debug|Any CPU
		{E328A70F-CA3E-426D-ADFC-085194C206FB}.Debug|Any CPU.Build.0 = Debug|Any CPU
		{E328A70F-CA3E-426D-ADFC-085194C206FB}.Release|Any CPU.ActiveCfg = Release|Any CPU
		{E328A70F-CA3E-426D-ADFC-085194C206FB}.Release|Any CPU.Build.0 = Release|Any CPU
		{DF0DB6B0-D8F5-4E42-8EFE-9B9926640C6A}.Debug|Any CPU.ActiveCfg = Debug|Any CPU
		{DF0DB6B0-D8F5-4E42-8EFE-9B9926640C6A}.Debug|Any CPU.Build.0 = Debug|Any CPU
		{DF0DB6B0-D8F5-4E42-8EFE-9B9926640C6A}.Release|Any CPU.ActiveCfg = Release|Any CPU
		{DF0DB6B0-D8F5-4E42-8EFE-9B9926640C6A}.Release|Any CPU.Build.0 = Release|Any CPU
		{9564A1CB-1FEB-4070-A9E0-8E3E98F488E8}.Debug|Any CPU.ActiveCfg = Debug|Any CPU
		{9564A1CB-1FEB-4070-A9E0-8E3E98F488E8}.Debug|Any CPU.Build.0 = Debug|Any CPU
		{9564A1CB-1FEB-4070-A9E0-8E3E98F488E8}.Release|Any CPU.ActiveCfg = Release|Any CPU
		{9564A1CB-1FEB-4070-A9E0-8E3E98F488E8}.Release|Any CPU.Build.0 = Release|Any CPU
		{97E81C8B-5249-4630-8748-526343AD4B29}.Debug|Any CPU.ActiveCfg = Debug|Any CPU
		{97E81C8B-5249-4630-8748-526343AD4B29}.Debug|Any CPU.Build.0 = Debug|Any CPU
		{97E81C8B-5249-4630-8748-526343AD4B29}.Release|Any CPU.ActiveCfg = Release|Any CPU
		{97E81C8B-5249-4630-8748-526343AD4B29}.Release|Any CPU.Build.0 = Release|Any CPU
		{B38FF7E6-D109-4148-ACDF-F7CAF725A996}.Debug|Any CPU.ActiveCfg = Debug|Any CPU
		{B38FF7E6-D109-4148-ACDF-F7CAF725A996}.Debug|Any CPU.Build.0 = Debug|Any CPU
		{B38FF7E6-D109-4148-ACDF-F7CAF725A996}.Release|Any CPU.ActiveCfg = Release|Any CPU
		{B38FF7E6-D109-4148-ACDF-F7CAF725A996}.Release|Any CPU.Build.0 = Release|Any CPU
		{BC2031E8-EDB2-4850-A88B-A9B60BED5E96}.Debug|Any CPU.ActiveCfg = Debug|Any CPU
		{BC2031E8-EDB2-4850-A88B-A9B60BED5E96}.Debug|Any CPU.Build.0 = Debug|Any CPU
		{BC2031E8-EDB2-4850-A88B-A9B60BED5E96}.Release|Any CPU.ActiveCfg = Release|Any CPU
		{BC2031E8-EDB2-4850-A88B-A9B60BED5E96}.Release|Any CPU.Build.0 = Release|Any CPU
		{F9F653A4-A197-42DD-A09E-6840102041DB}.Debug|Any CPU.ActiveCfg = Debug|Any CPU
		{F9F653A4-A197-42DD-A09E-6840102041DB}.Debug|Any CPU.Build.0 = Debug|Any CPU
		{F9F653A4-A197-42DD-A09E-6840102041DB}.Release|Any CPU.ActiveCfg = Release|Any CPU
		{F9F653A4-A197-42DD-A09E-6840102041DB}.Release|Any CPU.Build.0 = Release|Any CPU
		{128DC007-69DD-468C-B386-F74056FF287C}.Debug|Any CPU.ActiveCfg = Debug|Any CPU
		{128DC007-69DD-468C-B386-F74056FF287C}.Debug|Any CPU.Build.0 = Debug|Any CPU
		{128DC007-69DD-468C-B386-F74056FF287C}.Release|Any CPU.ActiveCfg = Release|Any CPU
		{128DC007-69DD-468C-B386-F74056FF287C}.Release|Any CPU.Build.0 = Release|Any CPU
		{0FF4B5C1-115B-443C-AC94-D0C5F5858902}.Debug|Any CPU.ActiveCfg = Debug|Any CPU
		{0FF4B5C1-115B-443C-AC94-D0C5F5858902}.Debug|Any CPU.Build.0 = Debug|Any CPU
		{0FF4B5C1-115B-443C-AC94-D0C5F5858902}.Release|Any CPU.ActiveCfg = Release|Any CPU
		{0FF4B5C1-115B-443C-AC94-D0C5F5858902}.Release|Any CPU.Build.0 = Release|Any CPU
		{168F9E01-BF0E-4519-B6C3-4924DBAF4848}.Debug|Any CPU.ActiveCfg = Debug|Any CPU
		{168F9E01-BF0E-4519-B6C3-4924DBAF4848}.Debug|Any CPU.Build.0 = Debug|Any CPU
		{168F9E01-BF0E-4519-B6C3-4924DBAF4848}.Release|Any CPU.ActiveCfg = Release|Any CPU
		{168F9E01-BF0E-4519-B6C3-4924DBAF4848}.Release|Any CPU.Build.0 = Release|Any CPU
		{6BC27485-78A4-4983-9176-C43BF51586B5}.Debug|Any CPU.ActiveCfg = Debug|Any CPU
		{6BC27485-78A4-4983-9176-C43BF51586B5}.Debug|Any CPU.Build.0 = Debug|Any CPU
		{6BC27485-78A4-4983-9176-C43BF51586B5}.Release|Any CPU.ActiveCfg = Release|Any CPU
		{6BC27485-78A4-4983-9176-C43BF51586B5}.Release|Any CPU.Build.0 = Release|Any CPU
		{A0365ECD-A73B-46BE-A2D6-AFE9DE93ABE8}.Debug|Any CPU.ActiveCfg = Debug|Any CPU
		{A0365ECD-A73B-46BE-A2D6-AFE9DE93ABE8}.Debug|Any CPU.Build.0 = Debug|Any CPU
		{A0365ECD-A73B-46BE-A2D6-AFE9DE93ABE8}.Release|Any CPU.ActiveCfg = Release|Any CPU
		{A0365ECD-A73B-46BE-A2D6-AFE9DE93ABE8}.Release|Any CPU.Build.0 = Release|Any CPU
		{45515CF3-2C4C-454B-85B6-351EC876A4A5}.Debug|Any CPU.ActiveCfg = Debug|Any CPU
		{45515CF3-2C4C-454B-85B6-351EC876A4A5}.Debug|Any CPU.Build.0 = Debug|Any CPU
		{45515CF3-2C4C-454B-85B6-351EC876A4A5}.Release|Any CPU.ActiveCfg = Release|Any CPU
		{45515CF3-2C4C-454B-85B6-351EC876A4A5}.Release|Any CPU.Build.0 = Release|Any CPU
	EndGlobalSection
	GlobalSection(SolutionProperties) = preSolution
		HideSolutionNode = FALSE
	EndGlobalSection
	GlobalSection(NestedProjects) = preSolution
		{97E81C8B-5249-4630-8748-526343AD4B29} = {6591AF19-9020-4A66-8917-037D9FA8ABCF}
		{B38FF7E6-D109-4148-ACDF-F7CAF725A996} = {6591AF19-9020-4A66-8917-037D9FA8ABCF}
		{BC2031E8-EDB2-4850-A88B-A9B60BED5E96} = {6591AF19-9020-4A66-8917-037D9FA8ABCF}
		{F9F653A4-A197-42DD-A09E-6840102041DB} = {6591AF19-9020-4A66-8917-037D9FA8ABCF}
		{128DC007-69DD-468C-B386-F74056FF287C} = {6591AF19-9020-4A66-8917-037D9FA8ABCF}
		{0FF4B5C1-115B-443C-AC94-D0C5F5858902} = {F6A7E94E-DEBB-4CA0-BE91-89EE0C0A387A}
		{F6A7E94E-DEBB-4CA0-BE91-89EE0C0A387A} = {559A2B6A-6009-4E76-915D-D24527F5052C}
		{FE58D03F-4B29-49AD-BF15-5A9A1F38C1C3} = {559A2B6A-6009-4E76-915D-D24527F5052C}
		{C5AE8540-DE89-4523-B95B-B57FC254F9E5} = {FE58D03F-4B29-49AD-BF15-5A9A1F38C1C3}
		{168F9E01-BF0E-4519-B6C3-4924DBAF4848} = {C5AE8540-DE89-4523-B95B-B57FC254F9E5}
		{6BC27485-78A4-4983-9176-C43BF51586B5} = {C5AE8540-DE89-4523-B95B-B57FC254F9E5}
		{A4726BE9-C951-4315-B2EC-8DE65FF78136} = {559A2B6A-6009-4E76-915D-D24527F5052C}
		{A0365ECD-A73B-46BE-A2D6-AFE9DE93ABE8} = {A4726BE9-C951-4315-B2EC-8DE65FF78136}
		{D36311D9-51C2-4042-8C46-99EF0A2C4E71} = {559A2B6A-6009-4E76-915D-D24527F5052C}
		{45515CF3-2C4C-454B-85B6-351EC876A4A5} = {D36311D9-51C2-4042-8C46-99EF0A2C4E71}
	EndGlobalSection
	GlobalSection(ExtensibilityGlobals) = postSolution
		SolutionGuid = {582F8089-CAD2-4AE5-98CC-27217FA6D1EA}
	EndGlobalSection
EndGlobal
