
Microsoft Visual Studio Solution File, Format Version 12.00
# Visual Studio Version 17
VisualStudioVersion = 17.8.34309.116
MinimumVisualStudioVersion = 10.0.40219.1
Project("{9A19103F-16F7-4668-BE54-9A1E7A4F7556}") = "FirstConsoleApp", "FirstConsoleApp\FirstConsoleApp.csproj", "{202BD8F8-73CF-4A1A-8A74-63A4AACCA720}"
EndProject
Project("{9A19103F-16F7-4668-BE54-9A1E7A4F7556}") = "Homeworks", "HomeworksIncludeFunctions\Homeworks.csproj", "{A02076F8-2840-449C-A3ED-DE0FC352D969}"
EndProject
Project("{9A19103F-16F7-4668-BE54-9A1E7A4F7556}") = "SecondConsoleApp", "SecondConsoleApp\SecondConsoleApp.csproj", "{769AC5FA-E3D3-4430-A491-C89585EE6AC7}"
EndProject
Project("{9A19103F-16F7-4668-BE54-9A1E7A4F7556}") = "MyAlgorithm.Tests", "MyAlgorithm.Tests\MyAlgorithm.Tests.csproj", "{E328A70F-CA3E-426D-ADFC-085194C206FB}"
EndProject
Project("{9A19103F-16F7-4668-BE54-9A1E7A4F7556}") = "BankApplication", "BankApplication\BankApplication.csproj", "{DF0DB6B0-D8F5-4E42-8EFE-9B9926640C6A}"
EndProject
Project("{9A19103F-16F7-4668-BE54-9A1E7A4F7556}") = "Async", "Async\Async.csproj", "{9564A1CB-1FEB-4070-A9E0-8E3E98F488E8}"
EndProject
Project("{2150E333-8FDC-42A3-9474-1A3956D46DE8}") = "HotelProject", "HotelProject", "{6591AF19-9020-4A66-8917-037D9FA8ABCF}"
EndProject
Project("{FAE04EC0-301F-11D3-BF4B-00C04F79EFBC}") = "HotelProject.Models", "HotelProject.Models\HotelProject.Models.csproj", "{97E81C8B-5249-4630-8748-526343AD4B29}"
EndProject
Project("{FAE04EC0-301F-11D3-BF4B-00C04F79EFBC}") = "HotelProject.Repository", "HotelProject.Repository\HotelProject.Repository.csproj", "{B38FF7E6-D109-4148-ACDF-F7CAF725A996}"
EndProject
Project("{FAE04EC0-301F-11D3-BF4B-00C04F79EFBC}") = "HotelProject.Data", "HotelProject.Data\HotelProject.Data.csproj", "{BC2031E8-EDB2-4850-A88B-A9B60BED5E96}"
EndProject
Project("{FAE04EC0-301F-11D3-BF4B-00C04F79EFBC}") = "HotelProject.Tests", "HotelProject.Tests\HotelProject.Tests.csproj", "{D1A39F68-2CFB-41A6-B161-743AC683180F}"
EndProject
Global
	GlobalSection(SolutionConfigurationPlatforms) = preSolution
		Debug|Any CPU = Debug|Any CPU
		Release|Any CPU = Release|Any CPU
	EndGlobalSection
	GlobalSection(ProjectConfigurationPlatforms) = postSolution
		{202BD8F8-73CF-4A1A-8A74-63A4AACCA720}.Debug|Any CPU.ActiveCfg = Debug|Any CPU
		{202BD8F8-73CF-4A1A-8A74-63A4AACCA720}.Debug|Any CPU.Build.0 = Debug|Any CPU
		{202BD8F8-73CF-4A1A-8A74-63A4AACCA720}.Release|Any CPU.ActiveCfg = Release|Any CPU
		{202BD8F8-73CF-4A1A-8A74-63A4AACCA720}.Release|Any CPU.Build.0 = Release|Any CPU
		{A02076F8-2840-449C-A3ED-DE0FC352D969}.Debug|Any CPU.ActiveCfg = Debug|Any CPU
		{A02076F8-2840-449C-A3ED-DE0FC352D969}.Debug|Any CPU.Build.0 = Debug|Any CPU
		{A02076F8-2840-449C-A3ED-DE0FC352D969}.Release|Any CPU.ActiveCfg = Release|Any CPU
		{A02076F8-2840-449C-A3ED-DE0FC352D969}.Release|Any CPU.Build.0 = Release|Any CPU
		{769AC5FA-E3D3-4430-A491-C89585EE6AC7}.Debug|Any CPU.ActiveCfg = Debug|Any CPU
		{769AC5FA-E3D3-4430-A491-C89585EE6AC7}.Debug|Any CPU.Build.0 = Debug|Any CPU
		{769AC5FA-E3D3-4430-A491-C89585EE6AC7}.Release|Any CPU.ActiveCfg = Release|Any CPU
		{769AC5FA-E3D3-4430-A491-C89585EE6AC7}.Release|Any CPU.Build.0 = Release|Any CPU
		{E328A70F-CA3E-426D-ADFC-085194C206FB}.Debug|Any CPU.ActiveCfg = Debug|Any CPU
		{E328A70F-CA3E-426D-ADFC-085194C206FB}.Debug|Any CPU.Build.0 = Debug|Any CPU
		{E328A70F-CA3E-426D-ADFC-085194C206FB}.Release|Any CPU.ActiveCfg = Release|Any CPU
		{E328A70F-CA3E-426D-ADFC-085194C206FB}.Release|Any CPU.Build.0 = Release|Any CPU
		{DF0DB6B0-D8F5-4E42-8EFE-9B9926640C6A}.Debug|Any CPU.ActiveCfg = Debug|Any CPU
		{DF0DB6B0-D8F5-4E42-8EFE-9B9926640C6A}.Debug|Any CPU.Build.0 = Debug|Any CPU
		{DF0DB6B0-D8F5-4E42-8EFE-9B9926640C6A}.Release|Any CPU.ActiveCfg = Release|Any CPU
		{DF0DB6B0-D8F5-4E42-8EFE-9B9926640C6A}.Release|Any CPU.Build.0 = Release|Any CPU
		{9564A1CB-1FEB-4070-A9E0-8E3E98F488E8}.Debug|Any CPU.ActiveCfg = Debug|Any CPU
		{9564A1CB-1FEB-4070-A9E0-8E3E98F488E8}.Debug|Any CPU.Build.0 = Debug|Any CPU
		{9564A1CB-1FEB-4070-A9E0-8E3E98F488E8}.Release|Any CPU.ActiveCfg = Release|Any CPU
		{9564A1CB-1FEB-4070-A9E0-8E3E98F488E8}.Release|Any CPU.Build.0 = Release|Any CPU
		{97E81C8B-5249-4630-8748-526343AD4B29}.Debug|Any CPU.ActiveCfg = Debug|Any CPU
		{97E81C8B-5249-4630-8748-526343AD4B29}.Debug|Any CPU.Build.0 = Debug|Any CPU
		{97E81C8B-5249-4630-8748-526343AD4B29}.Release|Any CPU.ActiveCfg = Release|Any CPU
		{97E81C8B-5249-4630-8748-526343AD4B29}.Release|Any CPU.Build.0 = Release|Any CPU
		{B38FF7E6-D109-4148-ACDF-F7CAF725A996}.Debug|Any CPU.ActiveCfg = Debug|Any CPU
		{B38FF7E6-D109-4148-ACDF-F7CAF725A996}.Debug|Any CPU.Build.0 = Debug|Any CPU
		{B38FF7E6-D109-4148-ACDF-F7CAF725A996}.Release|Any CPU.ActiveCfg = Release|Any CPU
		{B38FF7E6-D109-4148-ACDF-F7CAF725A996}.Release|Any CPU.Build.0 = Release|Any CPU
		{BC2031E8-EDB2-4850-A88B-A9B60BED5E96}.Debug|Any CPU.ActiveCfg = Debug|Any CPU
		{BC2031E8-EDB2-4850-A88B-A9B60BED5E96}.Debug|Any CPU.Build.0 = Debug|Any CPU
		{BC2031E8-EDB2-4850-A88B-A9B60BED5E96}.Release|Any CPU.ActiveCfg = Release|Any CPU
		{BC2031E8-EDB2-4850-A88B-A9B60BED5E96}.Release|Any CPU.Build.0 = Release|Any CPU
		{D1A39F68-2CFB-41A6-B161-743AC683180F}.Debug|Any CPU.ActiveCfg = Debug|Any CPU
		{D1A39F68-2CFB-41A6-B161-743AC683180F}.Debug|Any CPU.Build.0 = Debug|Any CPU
		{D1A39F68-2CFB-41A6-B161-743AC683180F}.Release|Any CPU.ActiveCfg = Release|Any CPU
		{D1A39F68-2CFB-41A6-B161-743AC683180F}.Release|Any CPU.Build.0 = Release|Any CPU
	EndGlobalSection
	GlobalSection(SolutionProperties) = preSolution
		HideSolutionNode = FALSE
	EndGlobalSection
	GlobalSection(NestedProjects) = preSolution
		{97E81C8B-5249-4630-8748-526343AD4B29} = {6591AF19-9020-4A66-8917-037D9FA8ABCF}
		{B38FF7E6-D109-4148-ACDF-F7CAF725A996} = {6591AF19-9020-4A66-8917-037D9FA8ABCF}
		{BC2031E8-EDB2-4850-A88B-A9B60BED5E96} = {6591AF19-9020-4A66-8917-037D9FA8ABCF}
		{D1A39F68-2CFB-41A6-B161-743AC683180F} = {6591AF19-9020-4A66-8917-037D9FA8ABCF}
	EndGlobalSection
	GlobalSection(ExtensibilityGlobals) = postSolution
		SolutionGuid = {582F8089-CAD2-4AE5-98CC-27217FA6D1EA}
	EndGlobalSection
EndGlobal
